
Microsoft Visual Studio Solution File, Format Version 12.00
# Visual Studio 2012
Project("{8BC9CEB8-8B4A-11D0-8D11-00A0C91BC942}") = "ChartTest", "ChartTest\ChartTest.vcxproj", "{327DF53B-A97F-4AF4-A33E-DD48A7458461}"
EndProject
Project("{8BC9CEB8-8B4A-11D0-8D11-00A0C91BC942}") = "Chart_DynamicCreate", "Chart_DynamicCreate\Chart_DynamicCreate.vcxproj", "{0661129F-2CDB-4E7C-9472-9CA0FBAE615F}"
EndProject
Global
	GlobalSection(SolutionConfigurationPlatforms) = preSolution
		Debug|Win32 = Debug|Win32
		Release|Win32 = Release|Win32
	EndGlobalSection
	GlobalSection(ProjectConfigurationPlatforms) = postSolution
		{327DF53B-A97F-4AF4-A33E-DD48A7458461}.Debug|Win32.ActiveCfg = Debug|Win32
		{327DF53B-A97F-4AF4-A33E-DD48A7458461}.Debug|Win32.Build.0 = Debug|Win32
		{327DF53B-A97F-4AF4-A33E-DD48A7458461}.Release|Win32.ActiveCfg = Release|Win32
		{327DF53B-A97F-4AF4-A33E-DD48A7458461}.Release|Win32.Build.0 = Release|Win32
		{0661129F-2CDB-4E7C-9472-9CA0FBAE615F}.Debug|Win32.ActiveCfg = Debug|Win32
		{0661129F-2CDB-4E7C-9472-9CA0FBAE615F}.Debug|Win32.Build.0 = Debug|Win32
		{0661129F-2CDB-4E7C-9472-9CA0FBAE615F}.Release|Win32.ActiveCfg = Release|Win32
		{0661129F-2CDB-4E7C-9472-9CA0FBAE615F}.Release|Win32.Build.0 = Release|Win32
	EndGlobalSection
	GlobalSection(SolutionProperties) = preSolution
		HideSolutionNode = FALSE
	EndGlobalSection
EndGlobal
